
Microsoft Visual Studio Solution File, Format Version 12.00
# Visual Studio Version 17
VisualStudioVersion = 17.9.34728.123
MinimumVisualStudioVersion = 10.0.40219.1
Project("{FAE04EC0-301F-11D3-BF4B-00C04F79EFBC}") = "ChallengeApp", "ChallengeApp\ChallengeApp.csproj", "{BEF9B78C-B9F8-4132-A5E7-1E7AC85F7C75}"
EndProject
Global
	GlobalSection(SolutionConfigurationPlatforms) = preSolution
		Debug|Any CPU = Debug|Any CPU
		Release|Any CPU = Release|Any CPU
	EndGlobalSection
	GlobalSection(ProjectConfigurationPlatforms) = postSolution
		{BEF9B78C-B9F8-4132-A5E7-1E7AC85F7C75}.Debug|Any CPU.ActiveCfg = Debug|Any CPU
		{BEF9B78C-B9F8-4132-A5E7-1E7AC85F7C75}.Debug|Any CPU.Build.0 = Debug|Any CPU
		{BEF9B78C-B9F8-4132-A5E7-1E7AC85F7C75}.Release|Any CPU.ActiveCfg = Release|Any CPU
		{BEF9B78C-B9F8-4132-A5E7-1E7AC85F7C75}.Release|Any CPU.Build.0 = Release|Any CPU
	EndGlobalSection
	GlobalSection(SolutionProperties) = preSolution
		HideSolutionNode = FALSE
	EndGlobalSection
	GlobalSection(ExtensibilityGlobals) = postSolution
		SolutionGuid = {A57B652E-C926-4E18-8C9C-69E8A5B218EE}
	EndGlobalSection
EndGlobal
